
Microsoft Visual Studio Solution File, Format Version 12.00
# Visual Studio Version 17
VisualStudioVersion = 17.3.32929.385
MinimumVisualStudioVersion = 10.0.40219.1
Project("{9A19103F-16F7-4668-BE54-9A1E7A4F7556}") = "AppUser.API", "UserApp\AppUser.API.csproj", "{05003C31-E75A-4050-8063-1E9162ECA631}"
EndProject
Project("{9A19103F-16F7-4668-BE54-9A1E7A4F7556}") = "AppUser.BusinessServices", "BLL\AppUser.BusinessServices.csproj", "{51EDFEDE-5A70-4A73-8F80-863A0F20ED33}"
EndProject
Project("{9A19103F-16F7-4668-BE54-9A1E7A4F7556}") = "AppUser.DataAccess", "DAL\AppUser.DataAccess.csproj", "{02D4C86C-33E5-47D0-9C7A-34B334E6CC2C}"
EndProject
Global
	GlobalSection(SolutionConfigurationPlatforms) = preSolution
		Debug|Any CPU = Debug|Any CPU
		Release|Any CPU = Release|Any CPU
	EndGlobalSection
	GlobalSection(ProjectConfigurationPlatforms) = postSolution
		{05003C31-E75A-4050-8063-1E9162ECA631}.Debug|Any CPU.ActiveCfg = Debug|Any CPU
		{05003C31-E75A-4050-8063-1E9162ECA631}.Debug|Any CPU.Build.0 = Debug|Any CPU
		{05003C31-E75A-4050-8063-1E9162ECA631}.Release|Any CPU.ActiveCfg = Release|Any CPU
		{05003C31-E75A-4050-8063-1E9162ECA631}.Release|Any CPU.Build.0 = Release|Any CPU
		{51EDFEDE-5A70-4A73-8F80-863A0F20ED33}.Debug|Any CPU.ActiveCfg = Debug|Any CPU
		{51EDFEDE-5A70-4A73-8F80-863A0F20ED33}.Debug|Any CPU.Build.0 = Debug|Any CPU
		{51EDFEDE-5A70-4A73-8F80-863A0F20ED33}.Release|Any CPU.ActiveCfg = Release|Any CPU
		{51EDFEDE-5A70-4A73-8F80-863A0F20ED33}.Release|Any CPU.Build.0 = Release|Any CPU
		{02D4C86C-33E5-47D0-9C7A-34B334E6CC2C}.Debug|Any CPU.ActiveCfg = Debug|Any CPU
		{02D4C86C-33E5-47D0-9C7A-34B334E6CC2C}.Debug|Any CPU.Build.0 = Debug|Any CPU
		{02D4C86C-33E5-47D0-9C7A-34B334E6CC2C}.Release|Any CPU.ActiveCfg = Release|Any CPU
		{02D4C86C-33E5-47D0-9C7A-34B334E6CC2C}.Release|Any CPU.Build.0 = Release|Any CPU
	EndGlobalSection
	GlobalSection(SolutionProperties) = preSolution
		HideSolutionNode = FALSE
	EndGlobalSection
	GlobalSection(ExtensibilityGlobals) = postSolution
		SolutionGuid = {4B271C2B-0508-49E2-8542-BE528C73D34B}
	EndGlobalSection
EndGlobal
